
Microsoft Visual Studio Solution File, Format Version 12.00
# Visual Studio Version 17
VisualStudioVersion = 17.11.35222.181
MinimumVisualStudioVersion = 10.0.40219.1
Project("{FAE04EC0-301F-11D3-BF4B-00C04F79EFBC}") = "CRM", "CRM.csproj", "{583CC71A-18AB-4EBE-AF27-C42855E7C419}"
EndProject
Global
	GlobalSection(SolutionConfigurationPlatforms) = preSolution
		Debug|Any CPU = Debug|Any CPU
		Release|Any CPU = Release|Any CPU
	EndGlobalSection
	GlobalSection(ProjectConfigurationPlatforms) = postSolution
		{583CC71A-18AB-4EBE-AF27-C42855E7C419}.Debug|Any CPU.ActiveCfg = Debug|Any CPU
		{583CC71A-18AB-4EBE-AF27-C42855E7C419}.Debug|Any CPU.Build.0 = Debug|Any CPU
		{583CC71A-18AB-4EBE-AF27-C42855E7C419}.Release|Any CPU.ActiveCfg = Release|Any CPU
		{583CC71A-18AB-4EBE-AF27-C42855E7C419}.Release|Any CPU.Build.0 = Release|Any CPU
	EndGlobalSection
	GlobalSection(SolutionProperties) = preSolution
		HideSolutionNode = FALSE
	EndGlobalSection
	GlobalSection(ExtensibilityGlobals) = postSolution
		SolutionGuid = {3D1D10A5-AC21-4A9A-B82D-0EEB5EA10231}
	EndGlobalSection
EndGlobal
